
Microsoft Visual Studio Solution File, Format Version 12.00
# Visual Studio Version 17
VisualStudioVersion = 17.0.31903.59
MinimumVisualStudioVersion = 10.0.40219.1
Project("{9A19103F-16F7-4668-BE54-9A1E7A4F7556}") = "AuctionService", "src\AuctionService\AuctionService.csproj", "{83D18D71-9F86-483A-BA48-A1E8893B70C2}"
EndProject
Project("{2150E333-8FDC-42A3-9474-1A3956D46DE8}") = "src", "src", "{69D9C6F7-2C81-42A9-9CCC-A6A0F65466F9}"
EndProject
Project("{9A19103F-16F7-4668-BE54-9A1E7A4F7556}") = "SearchService", "src\SearchService\SearchService.csproj", "{D9516E4D-A9BA-4B20-80EA-7E812C5FC3E5}"
EndProject
Project("{9A19103F-16F7-4668-BE54-9A1E7A4F7556}") = "Contracts", "src\Contracts\Contracts.csproj", "{89C8DE0E-A3D3-4188-B4E8-0595EC452CBD}"
EndProject
Project("{9A19103F-16F7-4668-BE54-9A1E7A4F7556}") = "IdentityService", "src\IdentityService\IdentityService.csproj", "{E36F457B-301D-4576-9C86-BF0D2F64EA3E}"
EndProject
Project("{FAE04EC0-301F-11D3-BF4B-00C04F79EFBC}") = "GatewayService", "src\GatewayService\GatewayService.csproj", "{4C9F00D3-AE9E-4475-9D49-2954DD716131}"
EndProject
Global
	GlobalSection(SolutionConfigurationPlatforms) = preSolution
		Debug|Any CPU = Debug|Any CPU
		Release|Any CPU = Release|Any CPU
	EndGlobalSection
	GlobalSection(ProjectConfigurationPlatforms) = postSolution
		{83D18D71-9F86-483A-BA48-A1E8893B70C2}.Debug|Any CPU.ActiveCfg = Debug|Any CPU
		{83D18D71-9F86-483A-BA48-A1E8893B70C2}.Debug|Any CPU.Build.0 = Debug|Any CPU
		{83D18D71-9F86-483A-BA48-A1E8893B70C2}.Release|Any CPU.ActiveCfg = Release|Any CPU
		{83D18D71-9F86-483A-BA48-A1E8893B70C2}.Release|Any CPU.Build.0 = Release|Any CPU
		{D9516E4D-A9BA-4B20-80EA-7E812C5FC3E5}.Debug|Any CPU.ActiveCfg = Debug|Any CPU
		{D9516E4D-A9BA-4B20-80EA-7E812C5FC3E5}.Debug|Any CPU.Build.0 = Debug|Any CPU
		{D9516E4D-A9BA-4B20-80EA-7E812C5FC3E5}.Release|Any CPU.ActiveCfg = Release|Any CPU
		{D9516E4D-A9BA-4B20-80EA-7E812C5FC3E5}.Release|Any CPU.Build.0 = Release|Any CPU
		{89C8DE0E-A3D3-4188-B4E8-0595EC452CBD}.Debug|Any CPU.ActiveCfg = Debug|Any CPU
		{89C8DE0E-A3D3-4188-B4E8-0595EC452CBD}.Debug|Any CPU.Build.0 = Debug|Any CPU
		{89C8DE0E-A3D3-4188-B4E8-0595EC452CBD}.Release|Any CPU.ActiveCfg = Release|Any CPU
		{89C8DE0E-A3D3-4188-B4E8-0595EC452CBD}.Release|Any CPU.Build.0 = Release|Any CPU
		{E36F457B-301D-4576-9C86-BF0D2F64EA3E}.Debug|Any CPU.ActiveCfg = Debug|Any CPU
		{E36F457B-301D-4576-9C86-BF0D2F64EA3E}.Debug|Any CPU.Build.0 = Debug|Any CPU
		{E36F457B-301D-4576-9C86-BF0D2F64EA3E}.Release|Any CPU.ActiveCfg = Release|Any CPU
		{E36F457B-301D-4576-9C86-BF0D2F64EA3E}.Release|Any CPU.Build.0 = Release|Any CPU
		{4C9F00D3-AE9E-4475-9D49-2954DD716131}.Debug|Any CPU.ActiveCfg = Debug|Any CPU
		{4C9F00D3-AE9E-4475-9D49-2954DD716131}.Debug|Any CPU.Build.0 = Debug|Any CPU
		{4C9F00D3-AE9E-4475-9D49-2954DD716131}.Release|Any CPU.ActiveCfg = Release|Any CPU
		{4C9F00D3-AE9E-4475-9D49-2954DD716131}.Release|Any CPU.Build.0 = Release|Any CPU
	EndGlobalSection
	GlobalSection(SolutionProperties) = preSolution
		HideSolutionNode = FALSE
	EndGlobalSection
	GlobalSection(NestedProjects) = preSolution
		{89C8DE0E-A3D3-4188-B4E8-0595EC452CBD} = {69D9C6F7-2C81-42A9-9CCC-A6A0F65466F9}
		{E36F457B-301D-4576-9C86-BF0D2F64EA3E} = {69D9C6F7-2C81-42A9-9CCC-A6A0F65466F9}
		{4C9F00D3-AE9E-4475-9D49-2954DD716131} = {69D9C6F7-2C81-42A9-9CCC-A6A0F65466F9}
	EndGlobalSection
EndGlobal
